
Microsoft Visual Studio Solution File, Format Version 12.00
# Visual Studio Version 17
VisualStudioVersion = 17.11.35312.102
MinimumVisualStudioVersion = 10.0.40219.1
Project("{FAE04EC0-301F-11D3-BF4B-00C04F79EFBC}") = "WEEK8EpicGame2", "WEEK8EpicGame2\WEEK8EpicGame2.csproj", "{945D317E-6D6A-40A0-A0BD-9BE102982F77}"
EndProject
Global
	GlobalSection(SolutionConfigurationPlatforms) = preSolution
		Debug|Any CPU = Debug|Any CPU
		Release|Any CPU = Release|Any CPU
	EndGlobalSection
	GlobalSection(ProjectConfigurationPlatforms) = postSolution
		{945D317E-6D6A-40A0-A0BD-9BE102982F77}.Debug|Any CPU.ActiveCfg = Debug|Any CPU
		{945D317E-6D6A-40A0-A0BD-9BE102982F77}.Debug|Any CPU.Build.0 = Debug|Any CPU
		{945D317E-6D6A-40A0-A0BD-9BE102982F77}.Release|Any CPU.ActiveCfg = Release|Any CPU
		{945D317E-6D6A-40A0-A0BD-9BE102982F77}.Release|Any CPU.Build.0 = Release|Any CPU
	EndGlobalSection
	GlobalSection(SolutionProperties) = preSolution
		HideSolutionNode = FALSE
	EndGlobalSection
	GlobalSection(ExtensibilityGlobals) = postSolution
		SolutionGuid = {E0272F2A-836F-4516-977C-14A9005E85D3}
	EndGlobalSection
EndGlobal
